
Microsoft Visual Studio Solution File, Format Version 12.00
# Visual Studio Version 16
VisualStudioVersion = 16.0.30011.22
MinimumVisualStudioVersion = 10.0.40219.1
Project("{FAE04EC0-301F-11D3-BF4B-00C04F79EFBC}") = "BurningDowntheHouse", "BurningDowntheHouse\BurningDowntheHouse.csproj", "{02450F9C-98EB-4080-93C6-41B1FB6869FE}"
EndProject
Global
	GlobalSection(SolutionConfigurationPlatforms) = preSolution
		Debug|Any CPU = Debug|Any CPU
		Release|Any CPU = Release|Any CPU
	EndGlobalSection
	GlobalSection(ProjectConfigurationPlatforms) = postSolution
		{02450F9C-98EB-4080-93C6-41B1FB6869FE}.Debug|Any CPU.ActiveCfg = Debug|x64
		{02450F9C-98EB-4080-93C6-41B1FB6869FE}.Debug|Any CPU.Build.0 = Debug|x64
		{02450F9C-98EB-4080-93C6-41B1FB6869FE}.Release|Any CPU.ActiveCfg = Release|x64
		{02450F9C-98EB-4080-93C6-41B1FB6869FE}.Release|Any CPU.Build.0 = Release|x64
	EndGlobalSection
	GlobalSection(SolutionProperties) = preSolution
		HideSolutionNode = FALSE
	EndGlobalSection
	GlobalSection(ExtensibilityGlobals) = postSolution
		SolutionGuid = {8B830426-964C-4485-9393-F89CF124CA9D}
	EndGlobalSection
EndGlobal
